// !$*UTF8*$!
{
	archiveVersion = 1;
	classes = {
	};
	objectVersion = 50;
	objects = {

/* Begin PBXBuildFile section */
		5216A844221F6D4300CD0B7A /* main.cpp in Sources */ = {isa = PBXBuildFile; fileRef = 5216A843221F6D4300CD0B7A /* main.cpp */; };
		5216A858221F6DF600CD0B7A /* Parameter.cpp in Sources */ = {isa = PBXBuildFile; fileRef = 5216A84B221F6DF500CD0B7A /* Parameter.cpp */; };
		5216A859221F6DF600CD0B7A /* Predicate.cpp in Sources */ = {isa = PBXBuildFile; fileRef = 5216A84C221F6DF600CD0B7A /* Predicate.cpp */; };
		5216A85A221F6DF600CD0B7A /* Parser.cpp in Sources */ = {isa = PBXBuildFile; fileRef = 5216A850221F6DF600CD0B7A /* Parser.cpp */; };
		5216A85B221F6DF600CD0B7A /* Rule.cpp in Sources */ = {isa = PBXBuildFile; fileRef = 5216A851221F6DF600CD0B7A /* Rule.cpp */; };
		5216A85C221F6DF600CD0B7A /* Scanner.cpp in Sources */ = {isa = PBXBuildFile; fileRef = 5216A855221F6DF600CD0B7A /* Scanner.cpp */; };
		5216A85D221F6DF600CD0B7A /* DatalogProgram.cpp in Sources */ = {isa = PBXBuildFile; fileRef = 5216A856221F6DF600CD0B7A /* DatalogProgram.cpp */; };
		5216A85E221F6DF600CD0B7A /* Token.cpp in Sources */ = {isa = PBXBuildFile; fileRef = 5216A857221F6DF600CD0B7A /* Token.cpp */; };
		52915322222F3C8B005443E0 /* Tuple.cpp in Sources */ = {isa = PBXBuildFile; fileRef = 52915320222F3C8B005443E0 /* Tuple.cpp */; };
		52915325222F3CE0005443E0 /* Scheme.cpp in Sources */ = {isa = PBXBuildFile; fileRef = 52915323222F3CE0005443E0 /* Scheme.cpp */; };
		52915329222F3D89005443E0 /* Relation.cpp in Sources */ = {isa = PBXBuildFile; fileRef = 52915327222F3D89005443E0 /* Relation.cpp */; };
		5291532C222F3DCF005443E0 /* Database.cpp in Sources */ = {isa = PBXBuildFile; fileRef = 5291532A222F3DCF005443E0 /* Database.cpp */; };
		5291532F222F3DF7005443E0 /* Interpreter.cpp in Sources */ = {isa = PBXBuildFile; fileRef = 5291532D222F3DF7005443E0 /* Interpreter.cpp */; };
/* End PBXBuildFile section */

/* Begin PBXCopyFilesBuildPhase section */
		5216A83E221F6D4300CD0B7A /* CopyFiles */ = {
			isa = PBXCopyFilesBuildPhase;
			buildActionMask = 2147483647;
			dstPath = /usr/share/man/man1/;
			dstSubfolderSpec = 0;
			files = (
			);
			runOnlyForDeploymentPostprocessing = 1;
		};
/* End PBXCopyFilesBuildPhase section */

/* Begin PBXFileReference section */
		5216A840221F6D4300CD0B7A /* Project3 */ = {isa = PBXFileReference; explicitFileType = "compiled.mach-o.executable"; includeInIndex = 0; path = Project3; sourceTree = BUILT_PRODUCTS_DIR; };
		5216A843221F6D4300CD0B7A /* main.cpp */ = {isa = PBXFileReference; lastKnownFileType = sourcecode.cpp.cpp; path = main.cpp; sourceTree = "<group>"; };
		5216A84A221F6DF500CD0B7A /* Scanner.h */ = {isa = PBXFileReference; fileEncoding = 4; lastKnownFileType = sourcecode.c.h; path = Scanner.h; sourceTree = "<group>"; };
		5216A84B221F6DF500CD0B7A /* Parameter.cpp */ = {isa = PBXFileReference; fileEncoding = 4; lastKnownFileType = sourcecode.cpp.cpp; path = Parameter.cpp; sourceTree = "<group>"; };
		5216A84C221F6DF600CD0B7A /* Predicate.cpp */ = {isa = PBXFileReference; fileEncoding = 4; lastKnownFileType = sourcecode.cpp.cpp; path = Predicate.cpp; sourceTree = "<group>"; };
		5216A84D221F6DF600CD0B7A /* Parser.h */ = {isa = PBXFileReference; fileEncoding = 4; lastKnownFileType = sourcecode.c.h; path = Parser.h; sourceTree = "<group>"; };
		5216A84E221F6DF600CD0B7A /* Token.h */ = {isa = PBXFileReference; fileEncoding = 4; lastKnownFileType = sourcecode.c.h; path = Token.h; sourceTree = "<group>"; };
		5216A84F221F6DF600CD0B7A /* DatalogProgram.h */ = {isa = PBXFileReference; fileEncoding = 4; lastKnownFileType = sourcecode.c.h; path = DatalogProgram.h; sourceTree = "<group>"; };
		5216A850221F6DF600CD0B7A /* Parser.cpp */ = {isa = PBXFileReference; fileEncoding = 4; lastKnownFileType = sourcecode.cpp.cpp; path = Parser.cpp; sourceTree = "<group>"; };
		5216A851221F6DF600CD0B7A /* Rule.cpp */ = {isa = PBXFileReference; fileEncoding = 4; lastKnownFileType = sourcecode.cpp.cpp; path = Rule.cpp; sourceTree = "<group>"; };
		5216A852221F6DF600CD0B7A /* Rule.h */ = {isa = PBXFileReference; fileEncoding = 4; lastKnownFileType = sourcecode.c.h; path = Rule.h; sourceTree = "<group>"; };
		5216A853221F6DF600CD0B7A /* Parameter.h */ = {isa = PBXFileReference; fileEncoding = 4; lastKnownFileType = sourcecode.c.h; path = Parameter.h; sourceTree = "<group>"; };
		5216A854221F6DF600CD0B7A /* Predicate.h */ = {isa = PBXFileReference; fileEncoding = 4; lastKnownFileType = sourcecode.c.h; path = Predicate.h; sourceTree = "<group>"; };
		5216A855221F6DF600CD0B7A /* Scanner.cpp */ = {isa = PBXFileReference; fileEncoding = 4; lastKnownFileType = sourcecode.cpp.cpp; path = Scanner.cpp; sourceTree = "<group>"; };
		5216A856221F6DF600CD0B7A /* DatalogProgram.cpp */ = {isa = PBXFileReference; fileEncoding = 4; lastKnownFileType = sourcecode.cpp.cpp; path = DatalogProgram.cpp; sourceTree = "<group>"; };
		5216A857221F6DF600CD0B7A /* Token.cpp */ = {isa = PBXFileReference; fileEncoding = 4; lastKnownFileType = sourcecode.cpp.cpp; path = Token.cpp; sourceTree = "<group>"; };
		5216A85F221F6F5000CD0B7A /* test */ = {isa = PBXFileReference; lastKnownFileType = folder; path = test; sourceTree = "<group>"; };
		52915320222F3C8B005443E0 /* Tuple.cpp */ = {isa = PBXFileReference; lastKnownFileType = sourcecode.cpp.cpp; path = Tuple.cpp; sourceTree = "<group>"; };
		52915321222F3C8B005443E0 /* Tuple.h */ = {isa = PBXFileReference; lastKnownFileType = sourcecode.c.h; path = Tuple.h; sourceTree = "<group>"; };
		52915323222F3CE0005443E0 /* Scheme.cpp */ = {isa = PBXFileReference; lastKnownFileType = sourcecode.cpp.cpp; path = Scheme.cpp; sourceTree = "<group>"; };
		52915326222F3D49005443E0 /* Scheme.h */ = {isa = PBXFileReference; lastKnownFileType = sourcecode.c.h; path = Scheme.h; sourceTree = "<group>"; };
		52915327222F3D89005443E0 /* Relation.cpp */ = {isa = PBXFileReference; lastKnownFileType = sourcecode.cpp.cpp; path = Relation.cpp; sourceTree = "<group>"; };
		52915328222F3D89005443E0 /* Relation.h */ = {isa = PBXFileReference; lastKnownFileType = sourcecode.c.h; path = Relation.h; sourceTree = "<group>"; };
		5291532A222F3DCF005443E0 /* Database.cpp */ = {isa = PBXFileReference; lastKnownFileType = sourcecode.cpp.cpp; path = Database.cpp; sourceTree = "<group>"; };
		5291532B222F3DCF005443E0 /* Database.h */ = {isa = PBXFileReference; lastKnownFileType = sourcecode.c.h; path = Database.h; sourceTree = "<group>"; };
		5291532D222F3DF7005443E0 /* Interpreter.cpp */ = {isa = PBXFileReference; lastKnownFileType = sourcecode.cpp.cpp; path = Interpreter.cpp; sourceTree = "<group>"; };
		5291532E222F3DF7005443E0 /* Interpreter.h */ = {isa = PBXFileReference; lastKnownFileType = sourcecode.c.h; path = Interpreter.h; sourceTree = "<group>"; };
/* End PBXFileReference section */

/* Begin PBXFrameworksBuildPhase section */
		5216A83D221F6D4300CD0B7A /* Frameworks */ = {
			isa = PBXFrameworksBuildPhase;
			buildActionMask = 2147483647;
			files = (
			);
			runOnlyForDeploymentPostprocessing = 0;
		};
/* End PBXFrameworksBuildPhase section */

/* Begin PBXGroup section */
		5216A837221F6D4300CD0B7A = {
			isa = PBXGroup;
			children = (
				5216A842221F6D4300CD0B7A /* Project3 */,
				5216A841221F6D4300CD0B7A /* Products */,
			);
			sourceTree = "<group>";
		};
		5216A841221F6D4300CD0B7A /* Products */ = {
			isa = PBXGroup;
			children = (
				5216A840221F6D4300CD0B7A /* Project3 */,
			);
			name = Products;
			sourceTree = "<group>";
		};
		5216A842221F6D4300CD0B7A /* Project3 */ = {
			isa = PBXGroup;
			children = (
				5216A85F221F6F5000CD0B7A /* test */,
				5216A856221F6DF600CD0B7A /* DatalogProgram.cpp */,
				5216A84F221F6DF600CD0B7A /* DatalogProgram.h */,
				5216A84B221F6DF500CD0B7A /* Parameter.cpp */,
				52915323222F3CE0005443E0 /* Scheme.cpp */,
				52915326222F3D49005443E0 /* Scheme.h */,
				5216A853221F6DF600CD0B7A /* Parameter.h */,
				5216A850221F6DF600CD0B7A /* Parser.cpp */,
				5216A84D221F6DF600CD0B7A /* Parser.h */,
				5216A84C221F6DF600CD0B7A /* Predicate.cpp */,
				5216A854221F6DF600CD0B7A /* Predicate.h */,
				5216A851221F6DF600CD0B7A /* Rule.cpp */,
				5216A852221F6DF600CD0B7A /* Rule.h */,
				5216A855221F6DF600CD0B7A /* Scanner.cpp */,
				5216A84A221F6DF500CD0B7A /* Scanner.h */,
				5216A857221F6DF600CD0B7A /* Token.cpp */,
				5216A84E221F6DF600CD0B7A /* Token.h */,
				5216A843221F6D4300CD0B7A /* main.cpp */,
				52915320222F3C8B005443E0 /* Tuple.cpp */,
				52915321222F3C8B005443E0 /* Tuple.h */,
				52915327222F3D89005443E0 /* Relation.cpp */,
				52915328222F3D89005443E0 /* Relation.h */,
				5291532A222F3DCF005443E0 /* Database.cpp */,
				5291532B222F3DCF005443E0 /* Database.h */,
				5291532D222F3DF7005443E0 /* Interpreter.cpp */,
				5291532E222F3DF7005443E0 /* Interpreter.h */,
			);
			path = Project3;
			sourceTree = "<group>";
		};
/* End PBXGroup section */

/* Begin PBXNativeTarget section */
		5216A83F221F6D4300CD0B7A /* Project3 */ = {
			isa = PBXNativeTarget;
			buildConfigurationList = 5216A847221F6D4300CD0B7A /* Build configuration list for PBXNativeTarget "Project3" */;
			buildPhases = (
				5216A83C221F6D4300CD0B7A /* Sources */,
				5216A83D221F6D4300CD0B7A /* Frameworks */,
				5216A83E221F6D4300CD0B7A /* CopyFiles */,
			);
			buildRules = (
			);
			dependencies = (
			);
			name = Project3;
			productName = Project3;
			productReference = 5216A840221F6D4300CD0B7A /* Project3 */;
			productType = "com.apple.product-type.tool";
		};
/* End PBXNativeTarget section */

/* Begin PBXProject section */
		5216A838221F6D4300CD0B7A /* Project object */ = {
			isa = PBXProject;
			attributes = {
				LastUpgradeCheck = 1010;
				ORGANIZATIONNAME = Cam;
				TargetAttributes = {
					5216A83F221F6D4300CD0B7A = {
						CreatedOnToolsVersion = 10.1;
					};
				};
			};
			buildConfigurationList = 5216A83B221F6D4300CD0B7A /* Build configuration list for PBXProject "Project3" */;
			compatibilityVersion = "Xcode 9.3";
			developmentRegion = en;
			hasScannedForEncodings = 0;
			knownRegions = (
				en,
			);
			mainGroup = 5216A837221F6D4300CD0B7A;
			productRefGroup = 5216A841221F6D4300CD0B7A /* Products */;
			projectDirPath = "";
			projectRoot = "";
			targets = (
				5216A83F221F6D4300CD0B7A /* Project3 */,
			);
		};
/* End PBXProject section */

/* Begin PBXSourcesBuildPhase section */
		5216A83C221F6D4300CD0B7A /* Sources */ = {
			isa = PBXSourcesBuildPhase;
			buildActionMask = 2147483647;
			files = (
				52915325222F3CE0005443E0 /* Scheme.cpp in Sources */,
				5291532F222F3DF7005443E0 /* Interpreter.cpp in Sources */,
				5216A85C221F6DF600CD0B7A /* Scanner.cpp in Sources */,
				5216A85A221F6DF600CD0B7A /* Parser.cpp in Sources */,
				5216A844221F6D4300CD0B7A /* main.cpp in Sources */,
				5216A85E221F6DF600CD0B7A /* Token.cpp in Sources */,
				52915329222F3D89005443E0 /* Relation.cpp in Sources */,
				5216A859221F6DF600CD0B7A /* Predicate.cpp in Sources */,
				5216A85D221F6DF600CD0B7A /* DatalogProgram.cpp in Sources */,
				52915322222F3C8B005443E0 /* Tuple.cpp in Sources */,
				5216A858221F6DF600CD0B7A /* Parameter.cpp in Sources */,
				5291532C222F3DCF005443E0 /* Database.cpp in Sources */,
				5216A85B221F6DF600CD0B7A /* Rule.cpp in Sources */,
			);
			runOnlyForDeploymentPostprocessing = 0;
		};
/* End PBXSourcesBuildPhase section */

/* Begin XCBuildConfiguration section */
		5216A845221F6D4300CD0B7A /* Debug */ = {
			isa = XCBuildConfiguration;
			buildSettings = {
				ALWAYS_SEARCH_USER_PATHS = NO;
				CLANG_ANALYZER_NONNULL = YES;
				CLANG_ANALYZER_NUMBER_OBJECT_CONVERSION = YES_AGGRESSIVE;
				CLANG_CXX_LANGUAGE_STANDARD = "gnu++14";
				CLANG_CXX_LIBRARY = "libc++";
				CLANG_ENABLE_MODULES = YES;
				CLANG_ENABLE_OBJC_ARC = YES;
				CLANG_ENABLE_OBJC_WEAK = YES;
				CLANG_WARN_BLOCK_CAPTURE_AUTORELEASING = YES;
				CLANG_WARN_BOOL_CONVERSION = YES;
				CLANG_WARN_COMMA = YES;
				CLANG_WARN_CONSTANT_CONVERSION = YES;
				CLANG_WARN_DEPRECATED_OBJC_IMPLEMENTATIONS = YES;
				CLANG_WARN_DIRECT_OBJC_ISA_USAGE = YES_ERROR;
				CLANG_WARN_DOCUMENTATION_COMMENTS = YES;
				CLANG_WARN_EMPTY_BODY = YES;
				CLANG_WARN_ENUM_CONVERSION = YES;
				CLANG_WARN_INFINITE_RECURSION = YES;
				CLANG_WARN_INT_CONVERSION = YES;
				CLANG_WARN_NON_LITERAL_NULL_CONVERSION = YES;
				CLANG_WARN_OBJC_IMPLICIT_RETAIN_SELF = YES;
				CLANG_WARN_OBJC_LITERAL_CONVERSION = YES;
				CLANG_WARN_OBJC_ROOT_CLASS = YES_ERROR;
				CLANG_WARN_RANGE_LOOP_ANALYSIS = YES;
				CLANG_WARN_STRICT_PROTOTYPES = YES;
				CLANG_WARN_SUSPICIOUS_MOVE = YES;
				CLANG_WARN_UNGUARDED_AVAILABILITY = YES_AGGRESSIVE;
				CLANG_WARN_UNREACHABLE_CODE = YES;
				CLANG_WARN__DUPLICATE_METHOD_MATCH = YES;
				CODE_SIGN_IDENTITY = "-";
				COPY_PHASE_STRIP = NO;
				DEBUG_INFORMATION_FORMAT = dwarf;
				ENABLE_STRICT_OBJC_MSGSEND = YES;
				ENABLE_TESTABILITY = YES;
				GCC_C_LANGUAGE_STANDARD = gnu11;
				GCC_DYNAMIC_NO_PIC = NO;
				GCC_NO_COMMON_BLOCKS = YES;
				GCC_OPTIMIZATION_LEVEL = 0;
				GCC_PREPROCESSOR_DEFINITIONS = (
					"DEBUG=1",
					"$(inherited)",
				);
				GCC_WARN_64_TO_32_BIT_CONVERSION = YES;
				GCC_WARN_ABOUT_RETURN_TYPE = YES_ERROR;
				GCC_WARN_UNDECLARED_SELECTOR = YES;
				GCC_WARN_UNINITIALIZED_AUTOS = YES_AGGRESSIVE;
				GCC_WARN_UNUSED_FUNCTION = YES;
				GCC_WARN_UNUSED_VARIABLE = YES;
				MACOSX_DEPLOYMENT_TARGET = 10.14;
				MTL_ENABLE_DEBUG_INFO = INCLUDE_SOURCE;
				MTL_FAST_MATH = YES;
				ONLY_ACTIVE_ARCH = YES;
				SDKROOT = macosx;
			};
			name = Debug;
		};
		5216A846221F6D4300CD0B7A /* Release */ = {
			isa = XCBuildConfiguration;
			buildSettings = {
				ALWAYS_SEARCH_USER_PATHS = NO;
				CLANG_ANALYZER_NONNULL = YES;
				CLANG_ANALYZER_NUMBER_OBJECT_CONVERSION = YES_AGGRESSIVE;
				CLANG_CXX_LANGUAGE_STANDARD = "gnu++14";
				CLANG_CXX_LIBRARY = "libc++";
				CLANG_ENABLE_MODULES = YES;
				CLANG_ENABLE_OBJC_ARC = YES;
				CLANG_ENABLE_OBJC_WEAK = YES;
				CLANG_WARN_BLOCK_CAPTURE_AUTORELEASING = YES;
				CLANG_WARN_BOOL_CONVERSION = YES;
				CLANG_WARN_COMMA = YES;
				CLANG_WARN_CONSTANT_CONVERSION = YES;
				CLANG_WARN_DEPRECATED_OBJC_IMPLEMENTATIONS = YES;
				CLANG_WARN_DIRECT_OBJC_ISA_USAGE = YES_ERROR;
				CLANG_WARN_DOCUMENTATION_COMMENTS = YES;
				CLANG_WARN_EMPTY_BODY = YES;
				CLANG_WARN_ENUM_CONVERSION = YES;
				CLANG_WARN_INFINITE_RECURSION = YES;
				CLANG_WARN_INT_CONVERSION = YES;
				CLANG_WARN_NON_LITERAL_NULL_CONVERSION = YES;
				CLANG_WARN_OBJC_IMPLICIT_RETAIN_SELF = YES;
				CLANG_WARN_OBJC_LITERAL_CONVERSION = YES;
				CLANG_WARN_OBJC_ROOT_CLASS = YES_ERROR;
				CLANG_WARN_RANGE_LOOP_ANALYSIS = YES;
				CLANG_WARN_STRICT_PROTOTYPES = YES;
				CLANG_WARN_SUSPICIOUS_MOVE = YES;
				CLANG_WARN_UNGUARDED_AVAILABILITY = YES_AGGRESSIVE;
				CLANG_WARN_UNREACHABLE_CODE = YES;
				CLANG_WARN__DUPLICATE_METHOD_MATCH = YES;
				CODE_SIGN_IDENTITY = "-";
				COPY_PHASE_STRIP = NO;
				DEBUG_INFORMATION_FORMAT = "dwarf-with-dsym";
				ENABLE_NS_ASSERTIONS = NO;
				ENABLE_STRICT_OBJC_MSGSEND = YES;
				GCC_C_LANGUAGE_STANDARD = gnu11;
				GCC_NO_COMMON_BLOCKS = YES;
				GCC_WARN_64_TO_32_BIT_CONVERSION = YES;
				GCC_WARN_ABOUT_RETURN_TYPE = YES_ERROR;
				GCC_WARN_UNDECLARED_SELECTOR = YES;
				GCC_WARN_UNINITIALIZED_AUTOS = YES_AGGRESSIVE;
				GCC_WARN_UNUSED_FUNCTION = YES;
				GCC_WARN_UNUSED_VARIABLE = YES;
				MACOSX_DEPLOYMENT_TARGET = 10.14;
				MTL_ENABLE_DEBUG_INFO = NO;
				MTL_FAST_MATH = YES;
				SDKROOT = macosx;
			};
			name = Release;
		};
		5216A848221F6D4300CD0B7A /* Debug */ = {
			isa = XCBuildConfiguration;
			buildSettings = {
				CODE_SIGN_STYLE = Automatic;
				PRODUCT_NAME = "$(TARGET_NAME)";
			};
			name = Debug;
		};
		5216A849221F6D4300CD0B7A /* Release */ = {
			isa = XCBuildConfiguration;
			buildSettings = {
				CODE_SIGN_STYLE = Automatic;
				PRODUCT_NAME = "$(TARGET_NAME)";
			};
			name = Release;
		};
/* End XCBuildConfiguration section */

/* Begin XCConfigurationList section */
		5216A83B221F6D4300CD0B7A /* Build configuration list for PBXProject "Project3" */ = {
			isa = XCConfigurationList;
			buildConfigurations = (
				5216A845221F6D4300CD0B7A /* Debug */,
				5216A846221F6D4300CD0B7A /* Release */,
			);
			defaultConfigurationIsVisible = 0;
			defaultConfigurationName = Release;
		};
		5216A847221F6D4300CD0B7A /* Build configuration list for PBXNativeTarget "Project3" */ = {
			isa = XCConfigurationList;
			buildConfigurations = (
				5216A848221F6D4300CD0B7A /* Debug */,
				5216A849221F6D4300CD0B7A /* Release */,
			);
			defaultConfigurationIsVisible = 0;
			defaultConfigurationName = Release;
		};
/* End XCConfigurationList section */
	};
	rootObject = 5216A838221F6D4300CD0B7A /* Project object */;
}
